
Microsoft Visual Studio Solution File, Format Version 12.00
Project("{2150E333-8FDC-42A3-9474-1A3956D46DE8}") = "src", "src", "{0267DC1E-1884-44B3-B9C3-B36E34AF4A83}"
EndProject
Project("{FAE04EC0-301F-11D3-BF4B-00C04F79EFBC}") = "TornLogDownloader", "src\TornLogDownloader\TornLogDownloader.csproj", "{07689B78-9F4C-44D0-9BAC-26B52D54F9B7}"
EndProject
Global
	GlobalSection(SolutionConfigurationPlatforms) = preSolution
		Debug|Any CPU = Debug|Any CPU
		Release|Any CPU = Release|Any CPU
	EndGlobalSection
	GlobalSection(ProjectConfigurationPlatforms) = postSolution
		{07689B78-9F4C-44D0-9BAC-26B52D54F9B7}.Debug|Any CPU.ActiveCfg = Debug|Any CPU
		{07689B78-9F4C-44D0-9BAC-26B52D54F9B7}.Debug|Any CPU.Build.0 = Debug|Any CPU
		{07689B78-9F4C-44D0-9BAC-26B52D54F9B7}.Release|Any CPU.ActiveCfg = Release|Any CPU
		{07689B78-9F4C-44D0-9BAC-26B52D54F9B7}.Release|Any CPU.Build.0 = Release|Any CPU
	EndGlobalSection
	GlobalSection(NestedProjects) = preSolution
		{07689B78-9F4C-44D0-9BAC-26B52D54F9B7} = {0267DC1E-1884-44B3-B9C3-B36E34AF4A83}
	EndGlobalSection
EndGlobal
